
Microsoft Visual Studio Solution File, Format Version 12.00
# Visual Studio Version 16
VisualStudioVersion = 16.0.30225.117
MinimumVisualStudioVersion = 10.0.40219.1
Project("{9A19103F-16F7-4668-BE54-9A1E7A4F7556}") = "ApacheIgniteExample", "ApacheIgniteExample\ApacheIgniteExample.csproj", "{6C410A04-C9DD-47D0-BA30-05FA8948BAF9}"
EndProject
Project("{9A19103F-16F7-4668-BE54-9A1E7A4F7556}") = "ApacheIgniteExample.Infrastructure", "ApacheIgniteExample.Infrastructure\ApacheIgniteExample.Infrastructure.csproj", "{8FCCFAB3-F88D-4663-A373-4AF1F80976A0}"
EndProject
Project("{9A19103F-16F7-4668-BE54-9A1E7A4F7556}") = "ApacheIgniteExample.Domain", "ApacheIgniteExample.Domain\ApacheIgniteExample.Domain.csproj", "{2ABC2043-626D-4314-BC1B-61E6F2D492D9}"
EndProject
Project("{FAE04EC0-301F-11D3-BF4B-00C04F79EFBC}") = "ApacheIgniteExample.IoC", "ApacheIgniteExample.IoC\ApacheIgniteExample.IoC.csproj", "{99FC2EDB-C5EB-44F3-8A5B-EB062609287F}"
EndProject
Global
	GlobalSection(SolutionConfigurationPlatforms) = preSolution
		Debug|Any CPU = Debug|Any CPU
		Release|Any CPU = Release|Any CPU
	EndGlobalSection
	GlobalSection(ProjectConfigurationPlatforms) = postSolution
		{6C410A04-C9DD-47D0-BA30-05FA8948BAF9}.Debug|Any CPU.ActiveCfg = Debug|Any CPU
		{6C410A04-C9DD-47D0-BA30-05FA8948BAF9}.Debug|Any CPU.Build.0 = Debug|Any CPU
		{6C410A04-C9DD-47D0-BA30-05FA8948BAF9}.Release|Any CPU.ActiveCfg = Release|Any CPU
		{6C410A04-C9DD-47D0-BA30-05FA8948BAF9}.Release|Any CPU.Build.0 = Release|Any CPU
		{8FCCFAB3-F88D-4663-A373-4AF1F80976A0}.Debug|Any CPU.ActiveCfg = Debug|Any CPU
		{8FCCFAB3-F88D-4663-A373-4AF1F80976A0}.Debug|Any CPU.Build.0 = Debug|Any CPU
		{8FCCFAB3-F88D-4663-A373-4AF1F80976A0}.Release|Any CPU.ActiveCfg = Release|Any CPU
		{8FCCFAB3-F88D-4663-A373-4AF1F80976A0}.Release|Any CPU.Build.0 = Release|Any CPU
		{2ABC2043-626D-4314-BC1B-61E6F2D492D9}.Debug|Any CPU.ActiveCfg = Debug|Any CPU
		{2ABC2043-626D-4314-BC1B-61E6F2D492D9}.Debug|Any CPU.Build.0 = Debug|Any CPU
		{2ABC2043-626D-4314-BC1B-61E6F2D492D9}.Release|Any CPU.ActiveCfg = Release|Any CPU
		{2ABC2043-626D-4314-BC1B-61E6F2D492D9}.Release|Any CPU.Build.0 = Release|Any CPU
		{99FC2EDB-C5EB-44F3-8A5B-EB062609287F}.Debug|Any CPU.ActiveCfg = Debug|Any CPU
		{99FC2EDB-C5EB-44F3-8A5B-EB062609287F}.Debug|Any CPU.Build.0 = Debug|Any CPU
		{99FC2EDB-C5EB-44F3-8A5B-EB062609287F}.Release|Any CPU.ActiveCfg = Release|Any CPU
		{99FC2EDB-C5EB-44F3-8A5B-EB062609287F}.Release|Any CPU.Build.0 = Release|Any CPU
	EndGlobalSection
	GlobalSection(SolutionProperties) = preSolution
		HideSolutionNode = FALSE
	EndGlobalSection
	GlobalSection(ExtensibilityGlobals) = postSolution
		SolutionGuid = {1FC85487-BC91-440C-9FB3-D977A81D9948}
	EndGlobalSection
EndGlobal
